
Microsoft Visual Studio Solution File, Format Version 12.00
# Visual Studio Version 17
VisualStudioVersion = 17.10.34916.146
MinimumVisualStudioVersion = 10.0.40219.1
Project("{FAE04EC0-301F-11D3-BF4B-00C04F79EFBC}") = "PokemonApi", "PokemonApi\PokemonApi.csproj", "{96B34880-09A5-4EE5-9C84-908034BE80F9}"
EndProject
Global
	GlobalSection(SolutionConfigurationPlatforms) = preSolution
		Debug|Any CPU = Debug|Any CPU
		Release|Any CPU = Release|Any CPU
	EndGlobalSection
	GlobalSection(ProjectConfigurationPlatforms) = postSolution
		{96B34880-09A5-4EE5-9C84-908034BE80F9}.Debug|Any CPU.ActiveCfg = Debug|Any CPU
		{96B34880-09A5-4EE5-9C84-908034BE80F9}.Debug|Any CPU.Build.0 = Debug|Any CPU
		{96B34880-09A5-4EE5-9C84-908034BE80F9}.Release|Any CPU.ActiveCfg = Release|Any CPU
		{96B34880-09A5-4EE5-9C84-908034BE80F9}.Release|Any CPU.Build.0 = Release|Any CPU
	EndGlobalSection
	GlobalSection(SolutionProperties) = preSolution
		HideSolutionNode = FALSE
	EndGlobalSection
	GlobalSection(ExtensibilityGlobals) = postSolution
		SolutionGuid = {CA86842E-EEC8-4AF7-AB48-AEE16C8F8C4A}
	EndGlobalSection
EndGlobal
